
Microsoft Visual Studio Solution File, Format Version 12.00
# Visual Studio Version 16
VisualStudioVersion = 16.0.31005.135
MinimumVisualStudioVersion = 10.0.40219.1
Project("{FAE04EC0-301F-11D3-BF4B-00C04F79EFBC}") = "NetworkUtil", "NetworkUtil\NetworkUtil.csproj", "{DE37B38A-7AD1-4CC9-849D-BAA4DBE8846D}"
EndProject
Project("{2150E333-8FDC-42A3-9474-1A3956D46DE8}") = "Solution Items", "Solution Items", "{D73D1F7E-8AE4-4FB0-A02B-9CD66C5943B8}"
	ProjectSection(SolutionItems) = preProject
		..\.gitignore = ..\.gitignore
		..\LICENSE = ..\LICENSE
		..\README.md = ..\README.md
	EndProjectSection
EndProject
Global
	GlobalSection(SolutionConfigurationPlatforms) = preSolution
		Debug|Any CPU = Debug|Any CPU
		Release|Any CPU = Release|Any CPU
	EndGlobalSection
	GlobalSection(ProjectConfigurationPlatforms) = postSolution
		{DE37B38A-7AD1-4CC9-849D-BAA4DBE8846D}.Debug|Any CPU.ActiveCfg = Debug|Any CPU
		{DE37B38A-7AD1-4CC9-849D-BAA4DBE8846D}.Debug|Any CPU.Build.0 = Debug|Any CPU
		{DE37B38A-7AD1-4CC9-849D-BAA4DBE8846D}.Release|Any CPU.ActiveCfg = Release|Any CPU
		{DE37B38A-7AD1-4CC9-849D-BAA4DBE8846D}.Release|Any CPU.Build.0 = Release|Any CPU
	EndGlobalSection
	GlobalSection(SolutionProperties) = preSolution
		HideSolutionNode = FALSE
	EndGlobalSection
	GlobalSection(ExtensibilityGlobals) = postSolution
		SolutionGuid = {9F6F4562-459E-4FDB-A097-9E25F66F7142}
	EndGlobalSection
EndGlobal
